
Microsoft Visual Studio Solution File, Format Version 12.00
# Visual Studio Version 17
VisualStudioVersion = 17.14.36221.1 d17.14
MinimumVisualStudioVersion = 10.0.40219.1
Project("{FAE04EC0-301F-11D3-BF4B-00C04F79EFBC}") = "EF Core 2", "EF Core 2\EF Core 2.csproj", "{B1B91B4C-F927-48A7-B0C4-EEB0CEB1B2DA}"
EndProject
Global
	GlobalSection(SolutionConfigurationPlatforms) = preSolution
		Debug|Any CPU = Debug|Any CPU
		Release|Any CPU = Release|Any CPU
	EndGlobalSection
	GlobalSection(ProjectConfigurationPlatforms) = postSolution
		{B1B91B4C-F927-48A7-B0C4-EEB0CEB1B2DA}.Debug|Any CPU.ActiveCfg = Debug|Any CPU
		{B1B91B4C-F927-48A7-B0C4-EEB0CEB1B2DA}.Debug|Any CPU.Build.0 = Debug|Any CPU
		{B1B91B4C-F927-48A7-B0C4-EEB0CEB1B2DA}.Release|Any CPU.ActiveCfg = Release|Any CPU
		{B1B91B4C-F927-48A7-B0C4-EEB0CEB1B2DA}.Release|Any CPU.Build.0 = Release|Any CPU
	EndGlobalSection
	GlobalSection(SolutionProperties) = preSolution
		HideSolutionNode = FALSE
	EndGlobalSection
	GlobalSection(ExtensibilityGlobals) = postSolution
		SolutionGuid = {C47AA291-A235-48F6-AF58-1ABDEB3CA60D}
	EndGlobalSection
EndGlobal
